
Microsoft Visual Studio Solution File, Format Version 12.00
# Visual Studio Version 16
VisualStudioVersion = 16.0.30717.126
MinimumVisualStudioVersion = 10.0.40219.1
Project("{9A19103F-16F7-4668-BE54-9A1E7A4F7556}") = "adventofcode", "adventofcode.csproj", "{BA47074F-164A-4317-9562-CCCE686954C0}"
EndProject
Global
	GlobalSection(SolutionConfigurationPlatforms) = preSolution
		Debug|Any CPU = Debug|Any CPU
		Release|Any CPU = Release|Any CPU
	EndGlobalSection
	GlobalSection(ProjectConfigurationPlatforms) = postSolution
		{BA47074F-164A-4317-9562-CCCE686954C0}.Debug|Any CPU.ActiveCfg = Debug|Any CPU
		{BA47074F-164A-4317-9562-CCCE686954C0}.Debug|Any CPU.Build.0 = Debug|Any CPU
		{BA47074F-164A-4317-9562-CCCE686954C0}.Release|Any CPU.ActiveCfg = Release|Any CPU
		{BA47074F-164A-4317-9562-CCCE686954C0}.Release|Any CPU.Build.0 = Release|Any CPU
	EndGlobalSection
	GlobalSection(SolutionProperties) = preSolution
		HideSolutionNode = FALSE
	EndGlobalSection
	GlobalSection(ExtensibilityGlobals) = postSolution
		SolutionGuid = {CB5A05A9-3F68-4831-8686-FD1EC283DABF}
	EndGlobalSection
EndGlobal
